
Microsoft Visual Studio Solution File, Format Version 12.00
# Visual Studio Version 17
VisualStudioVersion = 17.9.34701.34
MinimumVisualStudioVersion = 10.0.40219.1
Project("{FAE04EC0-301F-11D3-BF4B-00C04F79EFBC}") = "Baitapnhom3-bai3-buoi4", "Baitapnhom3-bai3-buoi4\Baitapnhom3-bai3-buoi4.csproj", "{7924BA13-0965-4FEA-935B-60D89AB0E3C9}"
EndProject
Global
	GlobalSection(SolutionConfigurationPlatforms) = preSolution
		Debug|Any CPU = Debug|Any CPU
		Release|Any CPU = Release|Any CPU
	EndGlobalSection
	GlobalSection(ProjectConfigurationPlatforms) = postSolution
		{7924BA13-0965-4FEA-935B-60D89AB0E3C9}.Debug|Any CPU.ActiveCfg = Debug|Any CPU
		{7924BA13-0965-4FEA-935B-60D89AB0E3C9}.Debug|Any CPU.Build.0 = Debug|Any CPU
		{7924BA13-0965-4FEA-935B-60D89AB0E3C9}.Release|Any CPU.ActiveCfg = Release|Any CPU
		{7924BA13-0965-4FEA-935B-60D89AB0E3C9}.Release|Any CPU.Build.0 = Release|Any CPU
	EndGlobalSection
	GlobalSection(SolutionProperties) = preSolution
		HideSolutionNode = FALSE
	EndGlobalSection
	GlobalSection(ExtensibilityGlobals) = postSolution
		SolutionGuid = {F9E12C5E-0D53-496B-9DC7-87995E1260E4}
	EndGlobalSection
EndGlobal
